
Microsoft Visual Studio Solution File, Format Version 12.00
# Visual Studio Version 16
VisualStudioVersion = 16.0.32901.82
MinimumVisualStudioVersion = 10.0.40219.1
Project("{FAE04EC0-301F-11D3-BF4B-00C04F79EFBC}") = "MyWebApp", "MyWebApp\MyWebApp.csproj", "{AF9E6B6F-0558-44D8-BC53-4E8C02ED085E}"
EndProject
Project("{FAE04EC0-301F-11D3-BF4B-00C04F79EFBC}") = "Member.Data", "Member.Data\Member.Data.csproj", "{1171A292-6B0B-42BA-B096-51E2666C3B24}"
EndProject
Global
	GlobalSection(SolutionConfigurationPlatforms) = preSolution
		Debug|Any CPU = Debug|Any CPU
		Release|Any CPU = Release|Any CPU
	EndGlobalSection
	GlobalSection(ProjectConfigurationPlatforms) = postSolution
		{AF9E6B6F-0558-44D8-BC53-4E8C02ED085E}.Debug|Any CPU.ActiveCfg = Debug|Any CPU
		{AF9E6B6F-0558-44D8-BC53-4E8C02ED085E}.Debug|Any CPU.Build.0 = Debug|Any CPU
		{AF9E6B6F-0558-44D8-BC53-4E8C02ED085E}.Release|Any CPU.ActiveCfg = Release|Any CPU
		{AF9E6B6F-0558-44D8-BC53-4E8C02ED085E}.Release|Any CPU.Build.0 = Release|Any CPU
		{1171A292-6B0B-42BA-B096-51E2666C3B24}.Debug|Any CPU.ActiveCfg = Debug|Any CPU
		{1171A292-6B0B-42BA-B096-51E2666C3B24}.Debug|Any CPU.Build.0 = Debug|Any CPU
		{1171A292-6B0B-42BA-B096-51E2666C3B24}.Release|Any CPU.ActiveCfg = Release|Any CPU
		{1171A292-6B0B-42BA-B096-51E2666C3B24}.Release|Any CPU.Build.0 = Release|Any CPU
	EndGlobalSection
	GlobalSection(SolutionProperties) = preSolution
		HideSolutionNode = FALSE
	EndGlobalSection
	GlobalSection(ExtensibilityGlobals) = postSolution
		SolutionGuid = {85144469-C11B-4926-9C13-4365E2F4BBC4}
	EndGlobalSection
EndGlobal
